
Microsoft Visual Studio Solution File, Format Version 12.00
# Visual Studio 15
VisualStudioVersion = 15.0.28010.2026
MinimumVisualStudioVersion = 10.0.40219.1
Project("{FAE04EC0-301F-11D3-BF4B-00C04F79EFBC}") = "Cipherpad", "Cipherpad\Cipherpad.csproj", "{AFAB267E-22E3-4D14-8C80-AE6A58EF136A}"
EndProject
Global
	GlobalSection(SolutionConfigurationPlatforms) = preSolution
		Debug|Any CPU = Debug|Any CPU
		Release|Any CPU = Release|Any CPU
	EndGlobalSection
	GlobalSection(ProjectConfigurationPlatforms) = postSolution
		{AFAB267E-22E3-4D14-8C80-AE6A58EF136A}.Debug|Any CPU.ActiveCfg = Debug|Any CPU
		{AFAB267E-22E3-4D14-8C80-AE6A58EF136A}.Debug|Any CPU.Build.0 = Debug|Any CPU
		{AFAB267E-22E3-4D14-8C80-AE6A58EF136A}.Release|Any CPU.ActiveCfg = Release|Any CPU
		{AFAB267E-22E3-4D14-8C80-AE6A58EF136A}.Release|Any CPU.Build.0 = Release|Any CPU
	EndGlobalSection
	GlobalSection(SolutionProperties) = preSolution
		HideSolutionNode = FALSE
	EndGlobalSection
	GlobalSection(ExtensibilityGlobals) = postSolution
		SolutionGuid = {DFF637A3-0516-48EA-A358-9A1FAFD8BCC9}
	EndGlobalSection
EndGlobal
